noiseprotocol
scapy>=2.4.0

***
Package                 Version
----------------------- ---------
bottle                  0.12.25
certifi                 2022.12.7
cffi                    1.16.0
charset-normalizer      3.1.0
colorama                0.4.6
conan                   1.41.0
cryptography            41.0.5
cyclonedx-bom           3.11.0
cyclonedx-conan         0.2.0
cyclonedx-python-lib    3.1.5
distro                  1.6.0
fasteners               0.18
idna                    3.4
Jinja2                  2.11.3
MarkupSafe              2.0.1
node-semver             0.6.1
noiseprotocol           0.3.1
packageurl-python       0.9.9
packaging               23.1
patch-ng                1.17.4
pip                     23.2.1
pip-requirements-parser 32.0.1
pluginbase              1.0.1
pycparser               2.21
Pygments                2.14.0
PyJWT                   1.7.1
pyparsing               3.0.9
python-dateutil         2.8.2
python-dotenv           1.0.0
PyYAML                  5.4.1
requests                2.28.2
scapy                   2.5.0
setuptools              68.1.2
six                     1.16.0
sortedcontainers        2.4.0
toml                    0.10.2
tqdm                    4.65.0
urllib3                 1.26.15
wheel                   0.41.2

***
Name: bottle
Version: 0.12.25
Summary: Fast and simple WSGI-framework for small web-applications.
Home-page: http://bottlepy.org/
Author: Marcel Hellkamp
Author-email: marc@gsites.de
License: MIT
Location: /opt/homebrew/lib/python3.11/site-packages
Requires: 
Required-by: conan
---
Name: certifi
Version: 2022.12.7
Summary: Python package for providing Mozilla's CA Bundle.
Home-page: https://github.com/certifi/python-certifi
Author: Kenneth Reitz
Author-email: me@kennethreitz.com
License: MPL-2.0
Location: /opt/homebrew/lib/python3.11/site-packages
Requires: 
Required-by: requests
---
Name: cffi
Version: 1.16.0
Summary: Foreign Function Interface for Python calling C code.
Home-page: http://cffi.readthedocs.org
Author: Armin Rigo, Maciej Fijalkowski
Author-email: python-cffi@googlegroups.com
License: MIT
Location: /Users/carl/Downloads/testFailingPip/examples/wireguard/requirements.txt.venv/lib/python3.11/site-packages
Requires: pycparser
Required-by: cryptography
---
Name: charset-normalizer
Version: 3.1.0
Summary: The Real First Universal Charset Detector. Open, modern and actively maintained alternative to Chardet.
Home-page: https://github.com/Ousret/charset_normalizer
Author: Ahmed TAHRI
Author-email: ahmed.tahri@cloudnursery.dev
License: MIT
Location: /opt/homebrew/lib/python3.11/site-packages
Requires: 
Required-by: requests
---
Name: colorama
Version: 0.4.6
Summary: Cross-platform colored terminal text.
Home-page: 
Author: 
Author-email: Jonathan Hartley <tartley@tartley.com>
License: 
Location: /opt/homebrew/lib/python3.11/site-packages
Requires: 
Required-by: conan
---
Name: conan
Version: 1.41.0
Summary: Conan C/C++ package manager
Home-page: https://conan.io
Author: JFrog LTD
Author-email: luism@jfrog.com
License: MIT
Location: /opt/homebrew/lib/python3.11/site-packages
Requires: bottle, colorama, distro, fasteners, Jinja2, node-semver, patch-ng, pluginbase, pygments, PyJWT, python-dateutil, PyYAML, requests, six, tqdm, urllib3
Required-by: cyclonedx-conan
---
Name: cryptography
Version: 41.0.5
Summary: cryptography is a package which provides cryptographic recipes and primitives to Python developers.
Home-page: 
Author: 
Author-email: The Python Cryptographic Authority and individual contributors <cryptography-dev@python.org>
License: Apache-2.0 OR BSD-3-Clause
Location: /Users/carl/Downloads/testFailingPip/examples/wireguard/requirements.txt.venv/lib/python3.11/site-packages
Requires: cffi
Required-by: noiseprotocol
---
Name: cyclonedx-bom
Version: 3.11.0
Summary: CycloneDX Software Bill of Materials (SBOM) generation utility
Home-page: https://github.com/CycloneDX/cyclonedx-python/#readme
Author: Steven Springett
Author-email: steve.springett@owasp.org
License: Apache-2.0
Location: /opt/homebrew/lib/python3.11/site-packages
Requires: cyclonedx-python-lib, packageurl-python, pip-requirements-parser, setuptools, toml
Required-by: 
---
Name: cyclonedx-conan
Version: 0.2.0
Summary: Creates CycloneDX Software Bill of Materials (SBOM) documents for C/C++ projects using Conan
Home-page: https://github.com/CycloneDX/cyclonedx-conan
Author: Patrick Dwyer
Author-email: patrick.dwyer@owasp.org
License: Apache-2.0
Location: /opt/homebrew/lib/python3.11/site-packages
Requires: conan, packageurl-python
Required-by: 
---
Name: cyclonedx-python-lib
Version: 3.1.5
Summary: A library for producing CycloneDX SBOM (Software Bill of Materials) files.
Home-page: https://github.com/CycloneDX/cyclonedx-python-lib
Author: Paul Horton
Author-email: phorton@sonatype.com
License: Apache-2.0
Location: /opt/homebrew/lib/python3.11/site-packages
Requires: packageurl-python, setuptools, sortedcontainers, toml
Required-by: cyclonedx-bom
---
Name: distro
Version: 1.6.0
Summary: Distro - an OS platform information API
Home-page: https://github.com/python-distro/distro
Author: Nir Cohen
Author-email: nir36g@gmail.com
License: Apache License, Version 2.0
Location: /opt/homebrew/lib/python3.11/site-packages
Requires: 
Required-by: conan
---
Name: fasteners
Version: 0.18
Summary: A python package that provides useful locks
Home-page: https://github.com/harlowja/fasteners
Author: Joshua Harlow
Author-email: 
License: ASL 2.0
Location: /opt/homebrew/lib/python3.11/site-packages
Requires: 
Required-by: conan
---
Name: idna
Version: 3.4
Summary: Internationalized Domain Names in Applications (IDNA)
Home-page: 
Author: 
Author-email: Kim Davies <kim@cynosure.com.au>
License: 
Location: /opt/homebrew/lib/python3.11/site-packages
Requires: 
Required-by: requests
---
Name: Jinja2
Version: 2.11.3
Summary: A very fast and expressive template engine.
Home-page: https://palletsprojects.com/p/jinja/
Author: Armin Ronacher
Author-email: armin.ronacher@active-4.com
License: BSD-3-Clause
Location: /opt/homebrew/lib/python3.11/site-packages
Requires: MarkupSafe
Required-by: conan
---
Name: MarkupSafe
Version: 2.0.1
Summary: Safely add untrusted strings to HTML/XML markup.
Home-page: https://palletsprojects.com/p/markupsafe/
Author: Armin Ronacher
Author-email: armin.ronacher@active-4.com
License: BSD-3-Clause
Location: /opt/homebrew/lib/python3.11/site-packages
Requires: 
Required-by: Jinja2
---
Name: node-semver
Version: 0.6.1
Summary: port of node-semver
Home-page: https://github.com/podhmo/python-semver
Author: podhmo
Author-email: ababjam61+github@gmail.com
License: mit
Location: /opt/homebrew/lib/python3.11/site-packages
Requires: 
Required-by: conan
---
Name: noiseprotocol
Version: 0.3.1
Summary: Implementation of Noise Protocol Framework
Home-page: https://github.com/plizonczyk/noiseprotocol
Author: Piotr Lizonczyk
Author-email: plizonczyk.public@gmail.com
License: MIT
Location: /Users/carl/Downloads/testFailingPip/examples/wireguard/requirements.txt.venv/lib/python3.11/site-packages
Requires: cryptography
Required-by: 
---
Name: packageurl-python
Version: 0.9.9
Summary: A purl aka. Package URL parser and builder
Home-page: https://github.com/package-url/packageurl-python
Author: the purl authors
Author-email: 
License: MIT
Location: /opt/homebrew/lib/python3.11/site-packages
Requires: 
Required-by: cyclonedx-bom, cyclonedx-conan, cyclonedx-python-lib
---
Name: packaging
Version: 23.1
Summary: Core utilities for Python packages
Home-page: 
Author: 
Author-email: Donald Stufft <donald@stufft.io>
License: 
Location: /opt/homebrew/lib/python3.11/site-packages
Requires: 
Required-by: pip-requirements-parser
---
Name: patch-ng
Version: 1.17.4
Summary: Library to parse and apply unified diffs.
Home-page: https://github.com/conan-io/python-patch
Author: Conan.io
Author-email: info@conan.io
License: MIT
Location: /opt/homebrew/lib/python3.11/site-packages
Requires: 
Required-by: conan
---
Name: pip
Version: 23.2.1
Summary: The PyPA recommended tool for installing Python packages.
Home-page: https://pip.pypa.io/
Author: The pip developers
Author-email: distutils-sig@python.org
License: MIT
Location: /Users/carl/Downloads/testFailingPip/examples/wireguard/requirements.txt.venv/lib/python3.11/site-packages
Requires: 
Required-by: 
---
Name: pip-requirements-parser
Version: 32.0.1
Summary: pip requirements parser - a mostly correct pip requirements parsing library because it uses pip's own code.
Home-page: https://github.com/nexB/pip-requirements-parser
Author: The pip authors, nexB. Inc. and others
Author-email: info@aboutcode.org
License: MIT
Location: /opt/homebrew/lib/python3.11/site-packages
Requires: packaging, pyparsing
Required-by: cyclonedx-bom
---
Name: pluginbase
Version: 1.0.1
Summary: PluginBase is a module for Python that enables the development of flexible plugin systems in Python.
Home-page: http://github.com/mitsuhiko/pluginbase
Author: Armin Ronacher
Author-email: armin.ronacher@active-4.com
License: 
Location: /opt/homebrew/lib/python3.11/site-packages
Requires: 
Required-by: conan
---
Name: pycparser
Version: 2.21
Summary: C parser in Python
Home-page: https://github.com/eliben/pycparser
Author: Eli Bendersky
Author-email: eliben@gmail.com
License: BSD
Location: /Users/carl/Downloads/testFailingPip/examples/wireguard/requirements.txt.venv/lib/python3.11/site-packages
Requires: 
Required-by: cffi
---
Name: Pygments
Version: 2.14.0
Summary: Pygments is a syntax highlighting package written in Python.
Home-page: https://pygments.org/
Author: Georg Brandl
Author-email: georg@python.org
License: BSD-2-Clause
Location: /opt/homebrew/lib/python3.11/site-packages
Requires: 
Required-by: conan
---
Name: PyJWT
Version: 1.7.1
Summary: JSON Web Token implementation in Python
Home-page: http://github.com/jpadilla/pyjwt
Author: Jose Padilla
Author-email: hello@jpadilla.com
License: MIT
Location: /opt/homebrew/lib/python3.11/site-packages
Requires: 
Required-by: conan
---
Name: pyparsing
Version: 3.0.9
Summary: pyparsing module - Classes and methods to define and execute parsing grammars
Home-page: 
Author: 
Author-email: Paul McGuire <ptmcg.gm+pyparsing@gmail.com>
License: 
Location: /opt/homebrew/lib/python3.11/site-packages
Requires: 
Required-by: pip-requirements-parser
---
Name: python-dateutil
Version: 2.8.2
Summary: Extensions to the standard Python datetime module
Home-page: https://github.com/dateutil/dateutil
Author: Gustavo Niemeyer
Author-email: gustavo@niemeyer.net
License: Dual License
Location: /opt/homebrew/lib/python3.11/site-packages
Requires: six
Required-by: conan
---
Name: python-dotenv
Version: 1.0.0
Summary: Read key-value pairs from a .env file and set them as environment variables
Home-page: https://github.com/theskumar/python-dotenv
Author: Saurabh Kumar
Author-email: me+github@saurabh-kumar.com
License: BSD-3-Clause
Location: /opt/homebrew/lib/python3.11/site-packages
Requires: 
Required-by: 
---
Name: PyYAML
Version: 5.4.1
Summary: YAML parser and emitter for Python
Home-page: https://pyyaml.org/
Author: Kirill Simonov
Author-email: xi@resolvent.net
License: MIT
Location: /opt/homebrew/lib/python3.11/site-packages
Requires: 
Required-by: conan
---
Name: requests
Version: 2.28.2
Summary: Python HTTP for Humans.
Home-page: https://requests.readthedocs.io
Author: Kenneth Reitz
Author-email: me@kennethreitz.org
License: Apache 2.0
Location: /opt/homebrew/lib/python3.11/site-packages
Requires: certifi, charset-normalizer, idna, urllib3
Required-by: conan
---
Name: scapy
Version: 2.5.0
Summary: Scapy: interactive packet manipulation tool
Home-page: https://scapy.net
Author: Philippe BIONDI
Author-email: guillaume@valadon.net
License: GPL-2.0-only
Location: /Users/carl/Downloads/testFailingPip/examples/wireguard/requirements.txt.venv/lib/python3.11/site-packages
Requires: 
Required-by: 
---
Name: setuptools
Version: 68.1.2
Summary: Easily download, build, install, upgrade, and uninstall Python packages
Home-page: https://github.com/pypa/setuptools
Author: Python Packaging Authority
Author-email: distutils-sig@python.org
License: 
Location: /Users/carl/Downloads/testFailingPip/examples/wireguard/requirements.txt.venv/lib/python3.11/site-packages
Requires: 
Required-by: cyclonedx-bom, cyclonedx-python-lib
---
Name: six
Version: 1.16.0
Summary: Python 2 and 3 compatibility utilities
Home-page: https://github.com/benjaminp/six
Author: Benjamin Peterson
Author-email: benjamin@python.org
License: MIT
Location: /opt/homebrew/lib/python3.11/site-packages
Requires: 
Required-by: conan, python-dateutil
---
Name: sortedcontainers
Version: 2.4.0
Summary: Sorted Containers -- Sorted List, Sorted Dict, Sorted Set
Home-page: http://www.grantjenks.com/docs/sortedcontainers/
Author: Grant Jenks
Author-email: contact@grantjenks.com
License: Apache 2.0
Location: /opt/homebrew/lib/python3.11/site-packages
Requires: 
Required-by: cyclonedx-python-lib
---
Name: toml
Version: 0.10.2
Summary: Python Library for Tom's Obvious, Minimal Language
Home-page: https://github.com/uiri/toml
Author: William Pearson
Author-email: uiri@xqz.ca
License: MIT
Location: /opt/homebrew/lib/python3.11/site-packages
Requires: 
Required-by: cyclonedx-bom, cyclonedx-python-lib
---
Name: tqdm
Version: 4.65.0
Summary: Fast, Extensible Progress Meter
Home-page: https://tqdm.github.io
Author: 
Author-email: 
License: MPLv2.0, MIT Licences
Location: /opt/homebrew/lib/python3.11/site-packages
Requires: 
Required-by: conan
---
Name: urllib3
Version: 1.26.15
Summary: HTTP library with thread-safe connection pooling, file post, and more.
Home-page: https://urllib3.readthedocs.io/
Author: Andrey Petrov
Author-email: andrey.petrov@shazow.net
License: MIT
Location: /opt/homebrew/lib/python3.11/site-packages
Requires: 
Required-by: conan, requests
---
Name: wheel
Version: 0.41.2
Summary: A built-package format for Python
Home-page: 
Author: 
Author-email: Daniel Holth <dholth@fastmail.fm>
License: 
Location: /opt/homebrew/lib/python3.11/site-packages
Requires: 
Required-by: 
